
Microsoft Visual Studio Solution File, Format Version 12.00
# Visual Studio 14
VisualStudioVersion = 14.0.25420.1
MinimumVisualStudioVersion = 10.0.40219.1
Project("{8BB2217D-0F2D-49D1-97BC-3654ED321F3B}") = "Example.WebApplication", "Example.WebApplication\Example.WebApplication.xproj", "{F4CD7CD3-217D-4976-8F8B-25C7F9028491}"
EndProject
Project("{2150E333-8FDC-42A3-9474-1A3956D46DE8}") = "src", "src", "{D14C06BD-76CD-4340-8CE5-7EC94C3BD773}"
EndProject
Global
	GlobalSection(SolutionConfigurationPlatforms) = preSolution
		Debug|Any CPU = Debug|Any CPU
		Release|Any CPU = Release|Any CPU
	EndGlobalSection
	GlobalSection(ProjectConfigurationPlatforms) = postSolution
		{F4CD7CD3-217D-4976-8F8B-25C7F9028491}.Debug|Any CPU.ActiveCfg = Debug|Any CPU
		{F4CD7CD3-217D-4976-8F8B-25C7F9028491}.Debug|Any CPU.Build.0 = Debug|Any CPU
		{F4CD7CD3-217D-4976-8F8B-25C7F9028491}.Release|Any CPU.ActiveCfg = Release|Any CPU
		{F4CD7CD3-217D-4976-8F8B-25C7F9028491}.Release|Any CPU.Build.0 = Release|Any CPU
	EndGlobalSection
	GlobalSection(SolutionProperties) = preSolution
		HideSolutionNode = FALSE
	EndGlobalSection
	GlobalSection(NestedProjects) = preSolution
		{F4CD7CD3-217D-4976-8F8B-25C7F9028491} = {D14C06BD-76CD-4340-8CE5-7EC94C3BD773}
	EndGlobalSection
EndGlobal
